
Microsoft Visual Studio Solution File, Format Version 10.00
# Visual Studio 2008
Project("{F184B08F-C81C-45F6-A57F-5ABD9991F28F}") = "QueryEditor", "QueryEditor\QueryEditor.vbproj", "{E7EB606C-0446-4D46-9655-39DC2424C60A}"
EndProject
Global
	GlobalSection(SolutionConfigurationPlatforms) = preSolution
		Debug|Any CPU = Debug|Any CPU
		Release|Any CPU = Release|Any CPU
	EndGlobalSection
	GlobalSection(ProjectConfigurationPlatforms) = postSolution
		{E7EB606C-0446-4D46-9655-39DC2424C60A}.Debug|Any CPU.ActiveCfg = Debug|Any CPU
		{E7EB606C-0446-4D46-9655-39DC2424C60A}.Debug|Any CPU.Build.0 = Debug|Any CPU
		{E7EB606C-0446-4D46-9655-39DC2424C60A}.Release|Any CPU.ActiveCfg = Release|Any CPU
		{E7EB606C-0446-4D46-9655-39DC2424C60A}.Release|Any CPU.Build.0 = Release|Any CPU
	EndGlobalSection
	GlobalSection(SolutionProperties) = preSolution
		HideSolutionNode = FALSE
	EndGlobalSection
EndGlobal
