
Microsoft Visual Studio Solution File, Format Version 12.00
# Visual Studio 15
VisualStudioVersion = 15.0.28010.2036
MinimumVisualStudioVersion = 10.0.40219.1
Project("{F184B08F-C81C-45F6-A57F-5ABD9991F28F}") = "QueryEditor", "QueryEditor\QueryEditor.vbproj", "{E7EB606C-0446-4D46-9655-39DC2424C60A}"
EndProject
Global
	GlobalSection(SolutionConfigurationPlatforms) = preSolution
		Debug|x86 = Debug|x86
		Release|x86 = Release|x86
	EndGlobalSection
	GlobalSection(ProjectConfigurationPlatforms) = postSolution
		{E7EB606C-0446-4D46-9655-39DC2424C60A}.Debug|x86.ActiveCfg = Debug|x86
		{E7EB606C-0446-4D46-9655-39DC2424C60A}.Debug|x86.Build.0 = Debug|x86
		{E7EB606C-0446-4D46-9655-39DC2424C60A}.Release|x86.ActiveCfg = Release|x86
		{E7EB606C-0446-4D46-9655-39DC2424C60A}.Release|x86.Build.0 = Release|x86
	EndGlobalSection
	GlobalSection(SolutionProperties) = preSolution
		HideSolutionNode = FALSE
	EndGlobalSection
	GlobalSection(ExtensibilityGlobals) = postSolution
		SolutionGuid = {63855FCE-0FAE-464E-A264-BB751711E13E}
	EndGlobalSection
EndGlobal
